<?xml version="1.0" encoding="utf-8"?>
<Project ToolsVersion="4.0" xmlns="http://schemas.microsoft.com/developer/msbuild/2003">
  <ItemGroup>
    <Filter Include="Library">
      <UniqueIdentifier>{d5173dcf-2786-4f98-bd55-d03549637dfe}</UniqueIdentifier>
    </Filter>
    <Filter Include="Src">
      <UniqueIdentifier>{80d0a5a9-6779-4863-bede-cc22a4986dc5}</UniqueIdentifier>
    </Filter>
    <Filter Include="Src\System">
      <UniqueIdentifier>{f5928314-3ee2-4e39-abfa-d93aa9ee5891}</UniqueIdentifier>
    </Filter>
    <Filter Include="Src\System\Direct3D">
      <UniqueIdentifier>{f193abd5-e51c-466e-a937-722bc9175e9a}</UniqueIdentifier>
    </Filter>
    <Filter Include="Src\System\Utility">
      <UniqueIdentifier>{f5d733b1-5031-4659-a9d4-0dd3add1e5fb}</UniqueIdentifier>
    </Filter>
    <Filter Include="Src\System\Window">
      <UniqueIdentifier>{cb022f2a-c5a2-449b-9b70-5110aff8550f}</UniqueIdentifier>
    </Filter>
    <Filter Include="Library\tinygltf">
      <UniqueIdentifier>{307bfbcd-124f-4ad7-85f5-3fd94f814b1f}</UniqueIdentifier>
    </Filter>
    <Filter Include="Src\System\Shader">
      <UniqueIdentifier>{93543c0c-58fe-4a94-8279-7be3021b65b1}</UniqueIdentifier>
    </Filter>
    <Filter Include="Src\System\Shader\EffectShader">
      <UniqueIdentifier>{3ed945a9-befa-4db2-b780-7714e82626ed}</UniqueIdentifier>
    </Filter>
    <Filter Include="Src\System\Shader\SpriteShader">
      <UniqueIdentifier>{2da4d471-f4e8-4b2d-bdef-b93f91523b8b}</UniqueIdentifier>
    </Filter>
    <Filter Include="Src\System\Shader\StandardShader">
      <UniqueIdentifier>{0a93a6dd-bb60-46dc-820f-6aea10b3b02f}</UniqueIdentifier>
    </Filter>
    <Filter Include="Src\Application">
      <UniqueIdentifier>{d0d0f9cf-dabd-4346-bc9a-d9c04cf42372}</UniqueIdentifier>
    </Filter>
    <Filter Include="Src\System\Audio">
      <UniqueIdentifier>{667d1cb1-5ae5-476f-acd5-14b7d294a95a}</UniqueIdentifier>
    </Filter>
    <Filter Include="Src\System\Math">
      <UniqueIdentifier>{24f2d8b9-4a32-4906-b60d-00115306e1ad}</UniqueIdentifier>
    </Filter>
    <Filter Include="Library\json11KdCustom">
      <UniqueIdentifier>{f18189ba-8958-4eea-bbac-f5e304a57165}</UniqueIdentifier>
    </Filter>
    <Filter Include="Src\System\Animation">
      <UniqueIdentifier>{7c4167bd-5547-4614-808c-aa5df9f837f3}</UniqueIdentifier>
    </Filter>
    <Filter Include="Src\GameSystem">
      <UniqueIdentifier>{b13641ee-3bb1-4465-b9c2-682162a93cbd}</UniqueIdentifier>
    </Filter>
    <Filter Include="Library\imgui">
      <UniqueIdentifier>{5d31921c-a37e-4355-8951-513a4d0c1d51}</UniqueIdentifier>
    </Filter>
    <Filter Include="Src\GameSystem\Component">
      <UniqueIdentifier>{cce49d87-ffe8-4dba-b09b-a4721c649d60}</UniqueIdentifier>
    </Filter>
    <Filter Include="Src\Application\Game">
      <UniqueIdentifier>{dab83b3d-0cec-41f8-a403-4aa2cde8665e}</UniqueIdentifier>
    </Filter>
    <Filter Include="Src\GameSystem\Component\Collider">
      <UniqueIdentifier>{925c24d8-8b14-49c5-85ef-bc086e024e9a}</UniqueIdentifier>
    </Filter>
    <Filter Include="Src\System\Shader\ModelShader">
      <UniqueIdentifier>{1d7c9b77-a061-41f2-9c2c-6386cd87a182}</UniqueIdentifier>
    </Filter>
  </ItemGroup>
  <ItemGroup>
    <ClInclude Include="src\Pch.h">
      <Filter>Src</Filter>
    </ClInclude>
    <ClInclude Include="..\Library\tinygltf\json.hpp">
      <Filter>Library\tinygltf</Filter>
    </ClInclude>
    <ClInclude Include="..\Library\tinygltf\stb_image.h">
      <Filter>Library\tinygltf</Filter>
    </ClInclude>
    <ClInclude Include="..\Library\tinygltf\stb_image_write.h">
      <Filter>Library\tinygltf</Filter>
    </ClInclude>
    <ClInclude Include="..\Library\tinygltf\tiny_gltf.h">
      <Filter>Library\tinygltf</Filter>
    </ClInclude>
    <ClInclude Include="Src\Application\main.h">
      <Filter>Src\Application</Filter>
    </ClInclude>
    <ClInclude Include="src\System\Direct3D\KdDirect3D.h">
      <Filter>Src\System\Direct3D</Filter>
    </ClInclude>
    <ClInclude Include="src\System\Direct3D\KdTexture.h">
      <Filter>Src\System\Direct3D</Filter>
    </ClInclude>
    <ClInclude Include="src\System\Direct3D\KdBuffer.h">
      <Filter>Src\System\Direct3D</Filter>
    </ClInclude>
    <ClInclude Include="Src\System\Audio\KdAudio.h">
      <Filter>Src\System\Audio</Filter>
    </ClInclude>
    <ClInclude Include="Src\System\Direct3D\KdGLTFLoader.h">
      <Filter>Src\System\Direct3D</Filter>
    </ClInclude>
    <ClInclude Include="Src\System\Shader\KdShaderManager.h">
      <Filter>Src\System\Shader</Filter>
    </ClInclude>
    <ClInclude Include="Src\System\Shader\EffectShader\KdEffectShader.h">
      <Filter>Src\System\Shader\EffectShader</Filter>
    </ClInclude>
    <ClInclude Include="Src\System\Shader\SpriteShader\KdSpriteShader.h">
      <Filter>Src\System\Shader\SpriteShader</Filter>
    </ClInclude>
    <ClInclude Include="Src\System\Shader\StandardShader\KdStandardShader.h">
      <Filter>Src\System\Shader\StandardShader</Filter>
    </ClInclude>
    <ClInclude Include="src\System\Utility\KdUtility.h">
      <Filter>Src\System\Utility</Filter>
    </ClInclude>
    <ClInclude Include="src\System\KdSystem.h">
      <Filter>Src\System</Filter>
    </ClInclude>
    <ClInclude Include="..\Library\strconv.h">
      <Filter>Library</Filter>
    </ClInclude>
    <ClInclude Include="src\System\Window\KdWindow.h">
      <Filter>Src\System\Window</Filter>
    </ClInclude>
    <ClInclude Include="Src\System\Utility\KdResourceFactory.h">
      <Filter>Src\System\Utility</Filter>
    </ClInclude>
    <ClInclude Include="Src\System\Direct3D\KdSquarePolygon.h">
      <Filter>Src\System\Direct3D</Filter>
    </ClInclude>
    <ClInclude Include="..\Library\json11KdCustom\json11.hpp">
      <Filter>Library\json11KdCustom</Filter>
    </ClInclude>
    <ClInclude Include="Src\System\Direct3D\KdTrailPolygon.h">
      <Filter>Src\System\Direct3D</Filter>
    </ClInclude>
    <ClInclude Include="Src\System\Math\KdMath.h">
      <Filter>Src\System\Math</Filter>
    </ClInclude>
    <ClInclude Include="src\System\Direct3D\KdMesh.h">
      <Filter>Src\System\Direct3D</Filter>
    </ClInclude>
    <ClInclude Include="Src\System\Direct3D\KdModel.h">
      <Filter>Src\System\Direct3D</Filter>
    </ClInclude>
    <ClInclude Include="Src\System\Utility\KdJsonHelper.h">
      <Filter>Src\System\Utility</Filter>
    </ClInclude>
    <ClInclude Include="Src\System\Animation\KdAnimation.h">
      <Filter>Src\System\Animation</Filter>
    </ClInclude>
    <ClInclude Include="Src\System\Direct3D\KdDebugLineDraw.h">
      <Filter>Src\System\Direct3D</Filter>
    </ClInclude>
    <ClInclude Include="Src\System\Math\KdCollision.h">
      <Filter>Src\System\Math</Filter>
    </ClInclude>
    <ClInclude Include="Src\GameSystem\GameSystem.h">
      <Filter>Src\GameSystem</Filter>
    </ClInclude>
    <ClInclude Include="Src\GameSystem\GameObject.h">
      <Filter>Src\GameSystem</Filter>
    </ClInclude>
    <ClInclude Include="Src\GameSystem\EditorCamera.h">
      <Filter>Src\GameSystem</Filter>
    </ClInclude>
    <ClInclude Include="..\Library\imgui\imgui_impl_dx11.h">
      <Filter>Library\imgui</Filter>
    </ClInclude>
    <ClInclude Include="..\Library\imgui\imgui_impl_win32.h">
      <Filter>Library\imgui</Filter>
    </ClInclude>
    <ClInclude Include="..\Library\imgui\imgui_internal.h">
      <Filter>Library\imgui</Filter>
    </ClInclude>
    <ClInclude Include="..\Library\imgui\imgui_stdlib.h">
      <Filter>Library\imgui</Filter>
    </ClInclude>
    <ClInclude Include="..\Library\imgui\imstb_rectpack.h">
      <Filter>Library\imgui</Filter>
    </ClInclude>
    <ClInclude Include="..\Library\imgui\imstb_textedit.h">
      <Filter>Library\imgui</Filter>
    </ClInclude>
    <ClInclude Include="..\Library\imgui\imstb_truetype.h">
      <Filter>Library\imgui</Filter>
    </ClInclude>
    <ClInclude Include="..\Library\imgui\ja_glyph_ranges.h">
      <Filter>Library\imgui</Filter>
    </ClInclude>
    <ClInclude Include="..\Library\imgui\imconfig.h">
      <Filter>Library\imgui</Filter>
    </ClInclude>
    <ClInclude Include="..\Library\imgui\imgui.h">
      <Filter>Library\imgui</Filter>
    </ClInclude>
    <ClInclude Include="Src\GameSystem\ImGuiHelper.h">
      <Filter>Src\GameSystem</Filter>
    </ClInclude>
    <ClInclude Include="Src\GameSystem\Level.h">
      <Filter>Src\GameSystem</Filter>
    </ClInclude>
    <ClInclude Include="Src\GameSystem\Component\BaseComponent.h">
      <Filter>Src\GameSystem\Component</Filter>
    </ClInclude>
    <ClInclude Include="Src\GameSystem\Component\ModelComponent.h">
      <Filter>Src\GameSystem\Component</Filter>
    </ClInclude>
    <ClInclude Include="Src\GameSystem\Component\TransformComponent.h">
      <Filter>Src\GameSystem\Component</Filter>
    </ClInclude>
    <ClInclude Include="Src\Application\Game\ActioinGame.h">
      <Filter>Src\Application\Game</Filter>
    </ClInclude>
    <ClInclude Include="Src\GameSystem\ComponentClassMaker.h">
      <Filter>Src\GameSystem</Filter>
    </ClInclude>
    <ClInclude Include="Src\GameSystem\Component\InputComponent.h">
      <Filter>Src\GameSystem\Component</Filter>
    </ClInclude>
    <ClInclude Include="Src\GameSystem\RenderingData.h">
      <Filter>Src\GameSystem</Filter>
    </ClInclude>
    <ClInclude Include="Src\GameSystem\Component\SpriteComponent.h">
      <Filter>Src\GameSystem\Component</Filter>
    </ClInclude>
    <ClInclude Include="Src\GameSystem\Component\CameraComponent.h">
      <Filter>Src\GameSystem\Component</Filter>
    </ClInclude>
    <ClInclude Include="Src\GameSystem\Component\LightComponent.h">
      <Filter>Src\GameSystem\Component</Filter>
    </ClInclude>
    <ClInclude Include="Src\GameSystem\Component\ParticleComponent.h">
      <Filter>Src\GameSystem\Component</Filter>
    </ClInclude>
    <ClInclude Include="Src\GameSystem\Component\Collider\BoxColliderComponent.h">
      <Filter>Src\GameSystem\Component\Collider</Filter>
    </ClInclude>
    <ClInclude Include="Src\GameSystem\Component\Collider\ColliderComponent.h">
      <Filter>Src\GameSystem\Component\Collider</Filter>
    </ClInclude>
    <ClInclude Include="Src\GameSystem\Component\Collider\CollisionFunctions.h">
      <Filter>Src\GameSystem\Component\Collider</Filter>
    </ClInclude>
    <ClInclude Include="Src\GameSystem\Component\Collider\CollisionManager.h">
      <Filter>Src\GameSystem\Component\Collider</Filter>
    </ClInclude>
    <ClInclude Include="Src\GameSystem\Component\Collider\MeshColliderComponent.h">
      <Filter>Src\GameSystem\Component\Collider</Filter>
    </ClInclude>
    <ClInclude Include="Src\GameSystem\Component\Collider\RayColliderComponent.h">
      <Filter>Src\GameSystem\Component\Collider</Filter>
    </ClInclude>
    <ClInclude Include="Src\GameSystem\Component\Collider\SphereColliderComponent.h">
      <Filter>Src\GameSystem\Component\Collider</Filter>
    </ClInclude>
    <ClInclude Include="..\Library\imgui\ImGuizmo.h">
      <Filter>Library\imgui</Filter>
    </ClInclude>
    <ClInclude Include="Src\GameSystem\Component\GraphicsSettingComponent.h">
      <Filter>Src\GameSystem\Component</Filter>
    </ClInclude>
    <ClInclude Include="Src\GameSystem\Component\UIComponent.h">
      <Filter>Src\GameSystem\Component</Filter>
    </ClInclude>
    <ClInclude Include="Src\System\Shader\ModelShader\KdModelShader.h">
      <Filter>Src\System\Shader\ModelShader</Filter>
    </ClInclude>
  </ItemGroup>
  <ItemGroup>
    <ClCompile Include="src\Pch.cpp">
      <Filter>Src</Filter>
    </ClCompile>
    <ClCompile Include="Src\Application\main.cpp">
      <Filter>Src\Application</Filter>
    </ClCompile>
    <ClCompile Include="src\System\Direct3D\KdDirect3D.cpp">
      <Filter>Src\System\Direct3D</Filter>
    </ClCompile>
    <ClCompile Include="src\System\Direct3D\KdTexture.cpp">
      <Filter>Src\System\Direct3D</Filter>
    </ClCompile>
    <ClCompile Include="src\System\Direct3D\KdBuffer.cpp">
      <Filter>Src\System\Direct3D</Filter>
    </ClCompile>
    <ClCompile Include="Src\System\Audio\KdAudio.cpp">
      <Filter>Src\System\Audio</Filter>
    </ClCompile>
    <ClCompile Include="Src\System\Shader\KdShaderManager.cpp">
      <Filter>Src\System\Shader</Filter>
    </ClCompile>
    <ClCompile Include="Src\System\Shader\EffectShader\KdEffectShader.cpp">
      <Filter>Src\System\Shader\EffectShader</Filter>
    </ClCompile>
    <ClCompile Include="Src\System\Shader\SpriteShader\KdSpriteShader.cpp">
      <Filter>Src\System\Shader\SpriteShader</Filter>
    </ClCompile>
    <ClCompile Include="Src\System\Shader\StandardShader\KdStandardShader.cpp">
      <Filter>Src\System\Shader\StandardShader</Filter>
    </ClCompile>
    <ClCompile Include="src\System\Window\KdWindow.cpp">
      <Filter>Src\System\Window</Filter>
    </ClCompile>
    <ClCompile Include="Src\System\Utility\KdUtility.cpp">
      <Filter>Src\System\Utility</Filter>
    </ClCompile>
    <ClCompile Include="Src\System\Utility\KdResourceFactory.cpp">
      <Filter>Src\System\Utility</Filter>
    </ClCompile>
    <ClCompile Include="Src\System\Direct3D\KdSquarePolygon.cpp">
      <Filter>Src\System\Direct3D</Filter>
    </ClCompile>
    <ClCompile Include="..\Library\json11KdCustom\json11.cpp">
      <Filter>Library\json11KdCustom</Filter>
    </ClCompile>
    <ClCompile Include="Src\System\Direct3D\KdTrailPolygon.cpp">
      <Filter>Src\System\Direct3D</Filter>
    </ClCompile>
    <ClCompile Include="src\System\Direct3D\KdMesh.cpp">
      <Filter>Src\System\Direct3D</Filter>
    </ClCompile>
    <ClCompile Include="Src\System\Direct3D\KdModel.cpp">
      <Filter>Src\System\Direct3D</Filter>
    </ClCompile>
    <ClCompile Include="Src\System\Direct3D\KdGLTFLoader.cpp">
      <Filter>Src\System\Direct3D</Filter>
    </ClCompile>
    <ClCompile Include="Src\System\Animation\KdAnimation.cpp">
      <Filter>Src\System\Animation</Filter>
    </ClCompile>
    <ClCompile Include="Src\System\Direct3D\KdDebugLineDraw.cpp">
      <Filter>Src\System\Direct3D</Filter>
    </ClCompile>
    <ClCompile Include="Src\System\Math\KdCollision.cpp">
      <Filter>Src\System\Math</Filter>
    </ClCompile>
    <ClCompile Include="Src\GameSystem\GameSystem.cpp">
      <Filter>Src\GameSystem</Filter>
    </ClCompile>
    <ClCompile Include="Src\GameSystem\GameObject.cpp">
      <Filter>Src\GameSystem</Filter>
    </ClCompile>
    <ClCompile Include="Src\GameSystem\EditorCamera.cpp">
      <Filter>Src\GameSystem</Filter>
    </ClCompile>
    <ClCompile Include="..\Library\imgui\imgui_impl_dx11.cpp">
      <Filter>Library\imgui</Filter>
    </ClCompile>
    <ClCompile Include="..\Library\imgui\imgui_impl_win32.cpp">
      <Filter>Library\imgui</Filter>
    </ClCompile>
    <ClCompile Include="..\Library\imgui\imgui_stdlib.cpp">
      <Filter>Library\imgui</Filter>
    </ClCompile>
    <ClCompile Include="..\Library\imgui\imgui_widgets.cpp">
      <Filter>Library\imgui</Filter>
    </ClCompile>
    <ClCompile Include="..\Library\imgui\imgui.cpp">
      <Filter>Library\imgui</Filter>
    </ClCompile>
    <ClCompile Include="..\Library\imgui\imgui_demo.cpp">
      <Filter>Library\imgui</Filter>
    </ClCompile>
    <ClCompile Include="..\Library\imgui\imgui_draw.cpp">
      <Filter>Library\imgui</Filter>
    </ClCompile>
    <ClCompile Include="Src\GameSystem\ImGuiHelper.cpp">
      <Filter>Src\GameSystem</Filter>
    </ClCompile>
    <ClCompile Include="Src\GameSystem\Level.cpp">
      <Filter>Src\GameSystem</Filter>
    </ClCompile>
    <ClCompile Include="Src\GameSystem\Component\BaseComponent.cpp">
      <Filter>Src\GameSystem\Component</Filter>
    </ClCompile>
    <ClCompile Include="Src\GameSystem\Component\ModelComponent.cpp">
      <Filter>Src\GameSystem\Component</Filter>
    </ClCompile>
    <ClCompile Include="Src\GameSystem\Component\TransformComponent.cpp">
      <Filter>Src\GameSystem\Component</Filter>
    </ClCompile>
    <ClCompile Include="Src\Application\Game\ActioinGame.cpp">
      <Filter>Src\Application\Game</Filter>
    </ClCompile>
    <ClCompile Include="Src\GameSystem\ComponentClassMaker.cpp">
      <Filter>Src\GameSystem</Filter>
    </ClCompile>
    <ClCompile Include="Src\GameSystem\Component\InputComponent.cpp">
      <Filter>Src\GameSystem\Component</Filter>
    </ClCompile>
    <ClCompile Include="Src\GameSystem\RenderingData.cpp">
      <Filter>Src\GameSystem</Filter>
    </ClCompile>
    <ClCompile Include="Src\GameSystem\Component\SpriteComponent.cpp">
      <Filter>Src\GameSystem\Component</Filter>
    </ClCompile>
    <ClCompile Include="Src\GameSystem\Component\CameraComponent.cpp">
      <Filter>Src\GameSystem\Component</Filter>
    </ClCompile>
    <ClCompile Include="Src\GameSystem\Component\LightComponent.cpp">
      <Filter>Src\GameSystem\Component</Filter>
    </ClCompile>
    <ClCompile Include="Src\GameSystem\Component\ParticleComponent.cpp">
      <Filter>Src\GameSystem\Component</Filter>
    </ClCompile>
    <ClCompile Include="Src\GameSystem\Component\Collider\BoxColliderComponent.cpp">
      <Filter>Src\GameSystem\Component\Collider</Filter>
    </ClCompile>
    <ClCompile Include="Src\GameSystem\Component\Collider\ColliderComponent.cpp">
      <Filter>Src\GameSystem\Component\Collider</Filter>
    </ClCompile>
    <ClCompile Include="Src\GameSystem\Component\Collider\CollisionFunctions.cpp">
      <Filter>Src\GameSystem\Component\Collider</Filter>
    </ClCompile>
    <ClCompile Include="Src\GameSystem\Component\Collider\CollisionManager.cpp">
      <Filter>Src\GameSystem\Component\Collider</Filter>
    </ClCompile>
    <ClCompile Include="Src\GameSystem\Component\Collider\MeshColliderComponent.cpp">
      <Filter>Src\GameSystem\Component\Collider</Filter>
    </ClCompile>
    <ClCompile Include="Src\GameSystem\Component\Collider\RayColliderComponent.cpp">
      <Filter>Src\GameSystem\Component\Collider</Filter>
    </ClCompile>
    <ClCompile Include="Src\GameSystem\Component\Collider\SphereColliderComponent.cpp">
      <Filter>Src\GameSystem\Component\Collider</Filter>
    </ClCompile>
    <ClCompile Include="..\Library\imgui\ImGuizmo.cpp">
      <Filter>Library\imgui</Filter>
    </ClCompile>
    <ClCompile Include="Src\GameSystem\Component\GraphicsSettingComponent.cpp">
      <Filter>Src\GameSystem\Component</Filter>
    </ClCompile>
    <ClCompile Include="Src\GameSystem\Component\UIComponent.cpp">
      <Filter>Src\GameSystem\Component</Filter>
    </ClCompile>
    <ClCompile Include="Src\System\Shader\ModelShader\KdModelShader.cpp">
      <Filter>Src\System\Shader\ModelShader</Filter>
    </ClCompile>
  </ItemGroup>
  <ItemGroup>
    <None Include="Src\System\Shader\EffectShader\inc_KdEffectShader.hlsli">
      <Filter>Src\System\Shader\EffectShader</Filter>
    </None>
    <None Include="Src\System\Shader\inc_KdCommon.hlsli">
      <Filter>Src\System\Shader</Filter>
    </None>
    <None Include="Src\System\Shader\SpriteShader\inc_KdSpriteShader.hlsli">
      <Filter>Src\System\Shader\SpriteShader</Filter>
    </None>
    <None Include="Src\System\Shader\StandardShader\inc_KdStandardShader.hlsli">
      <Filter>Src\System\Shader\StandardShader</Filter>
    </None>
    <None Include="Src\System\Math\KdMath.inl">
      <Filter>Src\System\Math</Filter>
    </None>
    <None Include="Src\System\Shader\ModelShader\inc_KdModelShader.hlsli">
      <Filter>Src\System\Shader\ModelShader</Filter>
    </None>
  </ItemGroup>
  <ItemGroup>
    <FxCompile Include="Src\System\Shader\EffectShader\KdEffectShader_PS.hlsl">
      <Filter>Src\System\Shader\EffectShader</Filter>
    </FxCompile>
    <FxCompile Include="Src\System\Shader\EffectShader\KdEffectShader_VS.hlsl">
      <Filter>Src\System\Shader\EffectShader</Filter>
    </FxCompile>
    <FxCompile Include="Src\System\Shader\SpriteShader\KdSpriteShader_PS.hlsl">
      <Filter>Src\System\Shader\SpriteShader</Filter>
    </FxCompile>
    <FxCompile Include="Src\System\Shader\SpriteShader\KdSpriteShader_VS.hlsl">
      <Filter>Src\System\Shader\SpriteShader</Filter>
    </FxCompile>
    <FxCompile Include="Src\System\Shader\StandardShader\KdStandardShader_PS.hlsl">
      <Filter>Src\System\Shader\StandardShader</Filter>
    </FxCompile>
    <FxCompile Include="Src\System\Shader\StandardShader\KdStandardShader_VS.hlsl">
      <Filter>Src\System\Shader\StandardShader</Filter>
    </FxCompile>
    <FxCompile Include="Src\System\Shader\StandardShader\KdStandardShader_VS_Skin.hlsl">
      <Filter>Src\System\Shader\StandardShader</Filter>
    </FxCompile>
    <FxCompile Include="Src\System\Shader\ModelShader\KdModelShader_PS.hlsl">
      <Filter>Src\System\Shader\ModelShader</Filter>
    </FxCompile>
    <FxCompile Include="Src\System\Shader\ModelShader\KdModelShader_VS.hlsl">
      <Filter>Src\System\Shader\ModelShader</Filter>
    </FxCompile>
  </ItemGroup>
</Project>